
Microsoft Visual Studio Solution File, Format Version 12.00
# Visual Studio Version 16
VisualStudioVersion = 16.0.29009.5
MinimumVisualStudioVersion = 10.0.40219.1
Project("{FAE04EC0-301F-11D3-BF4B-00C04F79EFBC}") = "week4course", "week4course\week4course.csproj", "{88A644EB-D3AB-4488-9F62-56B1A273FDDD}"
EndProject
Global
	GlobalSection(SolutionConfigurationPlatforms) = preSolution
		Debug|Any CPU = Debug|Any CPU
		Release|Any CPU = Release|Any CPU
	EndGlobalSection
	GlobalSection(ProjectConfigurationPlatforms) = postSolution
		{88A644EB-D3AB-4488-9F62-56B1A273FDDD}.Debug|Any CPU.ActiveCfg = Debug|Any CPU
		{88A644EB-D3AB-4488-9F62-56B1A273FDDD}.Debug|Any CPU.Build.0 = Debug|Any CPU
		{88A644EB-D3AB-4488-9F62-56B1A273FDDD}.Release|Any CPU.ActiveCfg = Release|Any CPU
		{88A644EB-D3AB-4488-9F62-56B1A273FDDD}.Release|Any CPU.Build.0 = Release|Any CPU
	EndGlobalSection
	GlobalSection(SolutionProperties) = preSolution
		HideSolutionNode = FALSE
	EndGlobalSection
	GlobalSection(ExtensibilityGlobals) = postSolution
		SolutionGuid = {921D30FE-B017-45E5-BC89-3EC5011761F5}
	EndGlobalSection
EndGlobal
