
Microsoft Visual Studio Solution File, Format Version 12.00
# Visual Studio Version 16
VisualStudioVersion = 16.0.29009.5
MinimumVisualStudioVersion = 10.0.40219.1
Project("{FAE04EC0-301F-11D3-BF4B-00C04F79EFBC}") = "Implementation", "Implementation\Implementation.csproj", "{A2C3BBD1-61F4-4A00-ACE4-15EA4C017C01}"
EndProject
Project("{FAE04EC0-301F-11D3-BF4B-00C04F79EFBC}") = "Implementation_UnitTesting", "Implementation_UnitTesting\Implementation_UnitTesting.csproj", "{A4BB23FC-B0F3-4ECD-943C-20378C8F3C67}"
EndProject
Global
	GlobalSection(SolutionConfigurationPlatforms) = preSolution
		Debug|Any CPU = Debug|Any CPU
		Release|Any CPU = Release|Any CPU
	EndGlobalSection
	GlobalSection(ProjectConfigurationPlatforms) = postSolution
		{A2C3BBD1-61F4-4A00-ACE4-15EA4C017C01}.Debug|Any CPU.ActiveCfg = Debug|Any CPU
		{A2C3BBD1-61F4-4A00-ACE4-15EA4C017C01}.Debug|Any CPU.Build.0 = Debug|Any CPU
		{A2C3BBD1-61F4-4A00-ACE4-15EA4C017C01}.Release|Any CPU.ActiveCfg = Release|Any CPU
		{A2C3BBD1-61F4-4A00-ACE4-15EA4C017C01}.Release|Any CPU.Build.0 = Release|Any CPU
		{A4BB23FC-B0F3-4ECD-943C-20378C8F3C67}.Debug|Any CPU.ActiveCfg = Debug|Any CPU
		{A4BB23FC-B0F3-4ECD-943C-20378C8F3C67}.Debug|Any CPU.Build.0 = Debug|Any CPU
		{A4BB23FC-B0F3-4ECD-943C-20378C8F3C67}.Release|Any CPU.ActiveCfg = Release|Any CPU
		{A4BB23FC-B0F3-4ECD-943C-20378C8F3C67}.Release|Any CPU.Build.0 = Release|Any CPU
	EndGlobalSection
	GlobalSection(SolutionProperties) = preSolution
		HideSolutionNode = FALSE
	EndGlobalSection
	GlobalSection(ExtensibilityGlobals) = postSolution
		SolutionGuid = {CB6893F8-216E-4565-A1AC-7D22D20F4991}
	EndGlobalSection
EndGlobal
